// !$*UTF8*$!
{
	archiveVersion = 1;
	classes = {
	};
	objectVersion = 51;
	objects = {

/* Begin PBXBuildFile section */
		561197042486DD0E0098251C /* TreeScene.sks in Resources */ = {isa = PBXBuildFile; fileRef = 561197032486DD0E0098251C /* TreeScene.sks */; };
		561197062486DD1B0098251C /* TreeScene.swift in Sources */ = {isa = PBXBuildFile; fileRef = 561197052486DD1B0098251C /* TreeScene.swift */; };
		562935D923F8971400F3F0D0 /* AppDelegate.swift in Sources */ = {isa = PBXBuildFile; fileRef = 562935D823F8971400F3F0D0 /* AppDelegate.swift */; };
		562935DB23F8971400F3F0D0 /* MainMenuScene.sks in Resources */ = {isa = PBXBuildFile; fileRef = 562935DA23F8971400F3F0D0 /* MainMenuScene.sks */; };
		562935DF23F8971400F3F0D0 /* MainMenuScene.swift in Sources */ = {isa = PBXBuildFile; fileRef = 562935DE23F8971400F3F0D0 /* MainMenuScene.swift */; };
		562935E123F8971400F3F0D0 /* GameViewController.swift in Sources */ = {isa = PBXBuildFile; fileRef = 562935E023F8971400F3F0D0 /* GameViewController.swift */; };
		562935E423F8971400F3F0D0 /* Main.storyboard in Resources */ = {isa = PBXBuildFile; fileRef = 562935E223F8971400F3F0D0 /* Main.storyboard */; };
		562935E623F8971500F3F0D0 /* Assets.xcassets in Resources */ = {isa = PBXBuildFile; fileRef = 562935E523F8971500F3F0D0 /* Assets.xcassets */; };
		562935E923F8971500F3F0D0 /* LaunchScreen.storyboard in Resources */ = {isa = PBXBuildFile; fileRef = 562935E723F8971500F3F0D0 /* LaunchScreen.storyboard */; };
		562BB1AE2537C9FF002B90AF /* HorseRacingPlayer.swift in Sources */ = {isa = PBXBuildFile; fileRef = 562BB1AD2537C9FF002B90AF /* HorseRacingPlayer.swift */; };
		562BB1C62537DCEA002B90AF /* PlayerDescriptionView.swift in Sources */ = {isa = PBXBuildFile; fileRef = 562BB1C52537DCEA002B90AF /* PlayerDescriptionView.swift */; };
		562BB1D12537E11A002B90AF /* Localizable.strings in Resources */ = {isa = PBXBuildFile; fileRef = 562BB1D32537E11A002B90AF /* Localizable.strings */; };
		562BB1D72537E17F002B90AF /* PlayerDescriptionView.xib in Resources */ = {isa = PBXBuildFile; fileRef = 562BB1D92537E17F002B90AF /* PlayerDescriptionView.xib */; };
		562BB1EE2537E947002B90AF /* GamblingViewController.swift in Sources */ = {isa = PBXBuildFile; fileRef = 562BB1EC2537E947002B90AF /* GamblingViewController.swift */; };
		562BB1EF2537E947002B90AF /* GamblingViewController.xib in Resources */ = {isa = PBXBuildFile; fileRef = 562BB1ED2537E947002B90AF /* GamblingViewController.xib */; };
		562BB2AA25388109002B90AF /* BaseControllNode.swift in Sources */ = {isa = PBXBuildFile; fileRef = 562BB2A925388109002B90AF /* BaseControllNode.swift */; };
		562BB2AD25388616002B90AF /* SettingsButton.swift in Sources */ = {isa = PBXBuildFile; fileRef = 562BB2AC25388616002B90AF /* SettingsButton.swift */; };
		562BB2B02538887D002B90AF /* SettingsButtonControlComponent.swift in Sources */ = {isa = PBXBuildFile; fileRef = 562BB2AF2538887D002B90AF /* SettingsButtonControlComponent.swift */; };
		562BB2D025389E94002B90AF /* GamblingContentView.xib in Resources */ = {isa = PBXBuildFile; fileRef = 562BB2CF25389E94002B90AF /* GamblingContentView.xib */; };
		562BB2D325389EAB002B90AF /* GamblingContentView.swift in Sources */ = {isa = PBXBuildFile; fileRef = 562BB2D225389EAB002B90AF /* GamblingContentView.swift */; };
		562BB2EB2538B04B002B90AF /* PlayerDescriptionCVC.swift in Sources */ = {isa = PBXBuildFile; fileRef = 562BB2E92538B04B002B90AF /* PlayerDescriptionCVC.swift */; };
		562BB2EC2538B04B002B90AF /* PlayerDescriptionCVC.xib in Resources */ = {isa = PBXBuildFile; fileRef = 562BB2EA2538B04B002B90AF /* PlayerDescriptionCVC.xib */; };
		562BB2F12538B0DC002B90AF /* UICollectionViewExtension.swift in Sources */ = {isa = PBXBuildFile; fileRef = 562BB2F02538B0DC002B90AF /* UICollectionViewExtension.swift */; };
		562BB2F52538B1ED002B90AF /* UIViewExtension.swift in Sources */ = {isa = PBXBuildFile; fileRef = 562BB2F42538B1ED002B90AF /* UIViewExtension.swift */; };
		562BB2F82538C992002B90AF /* GamblingMapView.xib in Resources */ = {isa = PBXBuildFile; fileRef = 562BB2F72538C992002B90AF /* GamblingMapView.xib */; };
		562BB2FB2538C9A4002B90AF /* GamblingMapView.swift in Sources */ = {isa = PBXBuildFile; fileRef = 562BB2FA2538C9A4002B90AF /* GamblingMapView.swift */; };
		562BB2FE2538CFAC002B90AF /* UIViewControllerExtension.swift in Sources */ = {isa = PBXBuildFile; fileRef = 562BB2FD2538CFAC002B90AF /* UIViewControllerExtension.swift */; };
		562E613F253A104B00B2348B /* HorseRacingCML.mlmodel in Sources */ = {isa = PBXBuildFile; fileRef = 562E613E253A104B00B2348B /* HorseRacingCML.mlmodel */; };
		562E6143253A12EC00B2348B /* HorseRacingData.swift in Sources */ = {isa = PBXBuildFile; fileRef = 562E6142253A12EC00B2348B /* HorseRacingData.swift */; };
		562E6147253A13BD00B2348B /* HorseRacingMap.swift in Sources */ = {isa = PBXBuildFile; fileRef = 562E6146253A13BD00B2348B /* HorseRacingMap.swift */; };
		562E614C253A149C00B2348B /* HorseRacing.swift in Sources */ = {isa = PBXBuildFile; fileRef = 562E614B253A149C00B2348B /* HorseRacing.swift */; };
		56390102250AAF3A00347569 /* BaseMapScene.swift in Sources */ = {isa = PBXBuildFile; fileRef = 56390101250AAF3A00347569 /* BaseMapScene.swift */; };
		56390104250AC76400347569 /* MainCharacter.swift in Sources */ = {isa = PBXBuildFile; fileRef = 56390103250AC76400347569 /* MainCharacter.swift */; };
		56390108250ACA6400347569 /* BaseHero.swift in Sources */ = {isa = PBXBuildFile; fileRef = 56390107250ACA6400347569 /* BaseHero.swift */; };
		566444E12527738F00F39D24 /* NormalState.swift in Sources */ = {isa = PBXBuildFile; fileRef = 566444E02527738F00F39D24 /* NormalState.swift */; };
		56785ADF252A09910020C832 /* MainHeroActions.sks in Resources */ = {isa = PBXBuildFile; fileRef = 56785ADE252A09910020C832 /* MainHeroActions.sks */; };
		56785AE7252A1F3D0020C832 /* AnimateComponent.swift in Sources */ = {isa = PBXBuildFile; fileRef = 56785AE6252A1F3D0020C832 /* AnimateComponent.swift */; };
		56785BFD252CB75B0020C832 /* HorseCharacter.swift in Sources */ = {isa = PBXBuildFile; fileRef = 56785BFC252CB75B0020C832 /* HorseCharacter.swift */; };
		56785C06252CC6180020C832 /* main_menu_background.mp3 in Resources */ = {isa = PBXBuildFile; fileRef = 56785C05252CC6180020C832 /* main_menu_background.mp3 */; };
		568421C9253A1DE300F022A9 /* HorseRacingDataPreparer.swift in Sources */ = {isa = PBXBuildFile; fileRef = 568421C8253A1DE300F022A9 /* HorseRacingDataPreparer.swift */; };
		568421CE253A674300F022A9 /* BaseGamblingDataSource.swift in Sources */ = {isa = PBXBuildFile; fileRef = 568421CD253A674300F022A9 /* BaseGamblingDataSource.swift */; };
		568421D4253A7BA500F022A9 /* BaseGamblingPlayer.swift in Sources */ = {isa = PBXBuildFile; fileRef = 568421D3253A7BA500F022A9 /* BaseGamblingPlayer.swift */; };
		568421D7253A7C1700F022A9 /* BaseGamblingMap.swift in Sources */ = {isa = PBXBuildFile; fileRef = 568421D6253A7C1700F022A9 /* BaseGamblingMap.swift */; };
		568421DA253B456500F022A9 /* PlayerParametr.swift in Sources */ = {isa = PBXBuildFile; fileRef = 568421D9253B456500F022A9 /* PlayerParametr.swift */; };
		568421DD253B5C4400F022A9 /* BasePlayerLocalizeDescription.swift in Sources */ = {isa = PBXBuildFile; fileRef = 568421DC253B5C4400F022A9 /* BasePlayerLocalizeDescription.swift */; };
		568421E2253BC16600F022A9 /* HeroesList.swift in Sources */ = {isa = PBXBuildFile; fileRef = 568421E1253BC16600F022A9 /* HeroesList.swift */; };
		568421E8253BC6BF00F022A9 /* UIImageViewExtension.swift in Sources */ = {isa = PBXBuildFile; fileRef = 568421E7253BC6BF00F022A9 /* UIImageViewExtension.swift */; };
		568421EC253BCB0C00F022A9 /* NotificationCenterExtension.swift in Sources */ = {isa = PBXBuildFile; fileRef = 568421EB253BCB0C00F022A9 /* NotificationCenterExtension.swift */; };
		568421FE253BF76300F022A9 /* BaseQuest.swift in Sources */ = {isa = PBXBuildFile; fileRef = 568421FD253BF76300F022A9 /* BaseQuest.swift */; };
		56842202253BF7A500F022A9 /* TrainingCowQuest.swift in Sources */ = {isa = PBXBuildFile; fileRef = 56842201253BF7A500F022A9 /* TrainingCowQuest.swift */; };
		56842217253C1EA900F022A9 /* BaseActions.swift in Sources */ = {isa = PBXBuildFile; fileRef = 56842216253C1EA900F022A9 /* BaseActions.swift */; };
		5684221A253C858600F022A9 /* Task.swift in Sources */ = {isa = PBXBuildFile; fileRef = 56842219253C858600F022A9 /* Task.swift */; };
		5684222E253CBB8500F022A9 /* QuestManager.swift in Sources */ = {isa = PBXBuildFile; fileRef = 5684222D253CBB8500F022A9 /* QuestManager.swift */; };
		56889CE62479E1F1009F3BF8 /* FarmScene.sks in Resources */ = {isa = PBXBuildFile; fileRef = 56889CE52479E1F1009F3BF8 /* FarmScene.sks */; };
		56889CE82479E2A5009F3BF8 /* FarmScene.swift in Sources */ = {isa = PBXBuildFile; fileRef = 56889CE72479E2A4009F3BF8 /* FarmScene.swift */; };
		56889CF12479ED9A009F3BF8 /* GardenScene.sks in Resources */ = {isa = PBXBuildFile; fileRef = 56889CF02479ED9A009F3BF8 /* GardenScene.sks */; };
		56889CF32479EDAA009F3BF8 /* MarketGardenScene.sks in Resources */ = {isa = PBXBuildFile; fileRef = 56889CF22479EDAA009F3BF8 /* MarketGardenScene.sks */; };
		56889CF72479EDCF009F3BF8 /* MarketGardenScene.swift in Sources */ = {isa = PBXBuildFile; fileRef = 56889CF62479EDCF009F3BF8 /* MarketGardenScene.swift */; };
		56889CF92479EDE6009F3BF8 /* GardenScene.swift in Sources */ = {isa = PBXBuildFile; fileRef = 56889CF82479EDE6009F3BF8 /* GardenScene.swift */; };
		56889CFD2479FDE0009F3BF8 /* WaterWellScene.sks in Resources */ = {isa = PBXBuildFile; fileRef = 56889CFC2479FDE0009F3BF8 /* WaterWellScene.sks */; };
		56889CFF2479FDF9009F3BF8 /* WaterWellScene.swift in Sources */ = {isa = PBXBuildFile; fileRef = 56889CFE2479FDF9009F3BF8 /* WaterWellScene.swift */; };
		569B8E6D253337BC001F939A /* DialogView.xib in Resources */ = {isa = PBXBuildFile; fileRef = 569B8E6C253337BC001F939A /* DialogView.xib */; };
		569B8E70253337D9001F939A /* DialogView.swift in Sources */ = {isa = PBXBuildFile; fileRef = 569B8E6F253337D9001F939A /* DialogView.swift */; };
		56B16DD8252E2D9F00AC21B7 /* InteractableMainHeroButtons.swift in Sources */ = {isa = PBXBuildFile; fileRef = 56B16DD7252E2D9F00AC21B7 /* InteractableMainHeroButtons.swift */; };
		56B16DDB252E2F5D00AC21B7 /* PlayerInteractableButtonsComponent.swift in Sources */ = {isa = PBXBuildFile; fileRef = 56B16DDA252E2F5D00AC21B7 /* PlayerInteractableButtonsComponent.swift */; };
		56B16DDF252F4DFF00AC21B7 /* ES_Factory Conveyor 1 - SFX Producer.mp3 in Resources */ = {isa = PBXBuildFile; fileRef = 56B16DDE252F4DFF00AC21B7 /* ES_Factory Conveyor 1 - SFX Producer.mp3 */; };
		56B16DE9252F52FA00AC21B7 /* ES_Steam Engine Tractor 34 - SFX Producer (cut).mp3 in Resources */ = {isa = PBXBuildFile; fileRef = 56B16DE8252F52FA00AC21B7 /* ES_Steam Engine Tractor 34 - SFX Producer (cut).mp3 */; };
		56B16DF1252F667200AC21B7 /* ES_Slot Machine Pull 2 - SFX Producer(cut) on.mp3 in Resources */ = {isa = PBXBuildFile; fileRef = 56B16DF0252F667200AC21B7 /* ES_Slot Machine Pull 2 - SFX Producer(cut) on.mp3 */; };
		56B16DF42532762900AC21B7 /* MainMenuHeroActions.sks in Resources */ = {isa = PBXBuildFile; fileRef = 56B16DF32532762900AC21B7 /* MainMenuHeroActions.sks */; };
		56CF1F0E240484BB0064A02A /* SKSceneExtension.swift in Sources */ = {isa = PBXBuildFile; fileRef = 56CF1F0D240484BB0064A02A /* SKSceneExtension.swift */; };
		56CF1F1024048D0E0064A02A /* AppBitMasks.swift in Sources */ = {isa = PBXBuildFile; fileRef = 56CF1F0F24048D0E0064A02A /* AppBitMasks.swift */; };
		56D063DB24D4B5A9003D6A0A /* StringExtension.swift in Sources */ = {isa = PBXBuildFile; fileRef = 56D063DA24D4B5A9003D6A0A /* StringExtension.swift */; };
		56D063DD24D4B61A003D6A0A /* SKTextureExtension.swift in Sources */ = {isa = PBXBuildFile; fileRef = 56D063DC24D4B61A003D6A0A /* SKTextureExtension.swift */; };
		56D063DF24D4BD67003D6A0A /* TouchHelper.swift in Sources */ = {isa = PBXBuildFile; fileRef = 56D063DE24D4BD67003D6A0A /* TouchHelper.swift */; };
		56E490E22527D17F00D4D79C /* TouchControlInput.swift in Sources */ = {isa = PBXBuildFile; fileRef = 56E490E12527D17F00D4D79C /* TouchControlInput.swift */; };
		56E490E62527DD4000D4D79C /* PlayerControlComponent.swift in Sources */ = {isa = PBXBuildFile; fileRef = 56E490E52527DD4000D4D79C /* PlayerControlComponent.swift */; };
		56F5992F2471723500E3EDD7 /* SKColorExtension.swift in Sources */ = {isa = PBXBuildFile; fileRef = 56F5992E2471723500E3EDD7 /* SKColorExtension.swift */; };
		738325275F1983B95950759B /* Pods_Focus.framework in Frameworks */ = {isa = PBXBuildFile; fileRef = 081EE223125D81E2A4C7E2E9 /* Pods_Focus.framework */; };
/* End PBXBuildFile section */

/* Begin PBXFileReference section */
		081EE223125D81E2A4C7E2E9 /* Pods_Focus.framework */ = {isa = PBXFileReference; explicitFileType = wrapper.framework; includeInIndex = 0; path = Pods_Focus.framework; sourceTree = BUILT_PRODUCTS_DIR; };
		561197032486DD0E0098251C /* TreeScene.sks */ = {isa = PBXFileReference; lastKnownFileType = file.sks; path = TreeScene.sks; sourceTree = "<group>"; };
		561197052486DD1B0098251C /* TreeScene.swift */ = {isa = PBXFileReference; lastKnownFileType = sourcecode.swift; path = TreeScene.swift; sourceTree = "<group>"; };
		562935D523F8971400F3F0D0 /* Focus.app */ = {isa = PBXFileReference; explicitFileType = wrapper.application; includeInIndex = 0; path = Focus.app; sourceTree = BUILT_PRODUCTS_DIR; };
		562935D823F8971400F3F0D0 /* AppDelegate.swift */ = {isa = PBXFileReference; lastKnownFileType = sourcecode.swift; path = AppDelegate.swift; sourceTree = "<group>"; };
		562935DA23F8971400F3F0D0 /* MainMenuScene.sks */ = {isa = PBXFileReference; lastKnownFileType = file.sks; path = MainMenuScene.sks; sourceTree = "<group>"; };
		562935DE23F8971400F3F0D0 /* MainMenuScene.swift */ = {isa = PBXFileReference; lastKnownFileType = sourcecode.swift; path = MainMenuScene.swift; sourceTree = "<group>"; };
		562935E023F8971400F3F0D0 /* GameViewController.swift */ = {isa = PBXFileReference; lastKnownFileType = sourcecode.swift; path = GameViewController.swift; sourceTree = "<group>"; };
		562935E323F8971400F3F0D0 /* Base */ = {isa = PBXFileReference; lastKnownFileType = file.storyboard; name = Base; path = Base.lproj/Main.storyboard; sourceTree = "<group>"; };
		562935E523F8971500F3F0D0 /* Assets.xcassets */ = {isa = PBXFileReference; lastKnownFileType = folder.assetcatalog; path = Assets.xcassets; sourceTree = "<group>"; };
		562935E823F8971500F3F0D0 /* Base */ = {isa = PBXFileReference; lastKnownFileType = file.storyboard; name = Base; path = Base.lproj/LaunchScreen.storyboard; sourceTree = "<group>"; };
		562935EA23F8971500F3F0D0 /* Info.plist */ = {isa = PBXFileReference; lastKnownFileType = text.plist.xml; path = Info.plist; sourceTree = "<group>"; };
		562BB1AD2537C9FF002B90AF /* HorseRacingPlayer.swift */ = {isa = PBXFileReference; lastKnownFileType = sourcecode.swift; path = HorseRacingPlayer.swift; sourceTree = "<group>"; };
		562BB1C52537DCEA002B90AF /* PlayerDescriptionView.swift */ = {isa = PBXFileReference; lastKnownFileType = sourcecode.swift; path = PlayerDescriptionView.swift; sourceTree = "<group>"; };
		562BB1C82537E00E002B90AF /* uk */ = {isa = PBXFileReference; lastKnownFileType = text.plist.strings; name = uk; path = uk.lproj/Main.strings; sourceTree = "<group>"; };
		562BB1C92537E00E002B90AF /* uk */ = {isa = PBXFileReference; lastKnownFileType = text.plist.strings; name = uk; path = uk.lproj/LaunchScreen.strings; sourceTree = "<group>"; };
		562BB1CB2537E016002B90AF /* ru */ = {isa = PBXFileReference; lastKnownFileType = text.plist.strings; name = ru; path = ru.lproj/Main.strings; sourceTree = "<group>"; };
		562BB1CC2537E016002B90AF /* ru */ = {isa = PBXFileReference; lastKnownFileType = text.plist.strings; name = ru; path = ru.lproj/LaunchScreen.strings; sourceTree = "<group>"; };
		562BB1D22537E11A002B90AF /* en */ = {isa = PBXFileReference; lastKnownFileType = text.plist.strings; name = en; path = en.lproj/Localizable.strings; sourceTree = "<group>"; };
		562BB1D52537E120002B90AF /* ru */ = {isa = PBXFileReference; lastKnownFileType = text.plist.strings; name = ru; path = ru.lproj/Localizable.strings; sourceTree = "<group>"; };
		562BB1D62537E122002B90AF /* uk */ = {isa = PBXFileReference; lastKnownFileType = text.plist.strings; name = uk; path = uk.lproj/Localizable.strings; sourceTree = "<group>"; };
		562BB1D82537E17F002B90AF /* Base */ = {isa = PBXFileReference; lastKnownFileType = file.xib; name = Base; path = Base.lproj/PlayerDescriptionView.xib; sourceTree = "<group>"; };
		562BB1EC2537E947002B90AF /* GamblingViewController.swift */ = {isa = PBXFileReference; lastKnownFileType = sourcecode.swift; path = GamblingViewController.swift; sourceTree = "<group>"; };
		562BB1ED2537E947002B90AF /* GamblingViewController.xib */ = {isa = PBXFileReference; lastKnownFileType = file.xib; path = GamblingViewController.xib; sourceTree = "<group>"; };
		562BB2A925388109002B90AF /* BaseControllNode.swift */ = {isa = PBXFileReference; lastKnownFileType = sourcecode.swift; path = BaseControllNode.swift; sourceTree = "<group>"; };
		562BB2AC25388616002B90AF /* SettingsButton.swift */ = {isa = PBXFileReference; lastKnownFileType = sourcecode.swift; path = SettingsButton.swift; sourceTree = "<group>"; };
		562BB2AF2538887D002B90AF /* SettingsButtonControlComponent.swift */ = {isa = PBXFileReference; lastKnownFileType = sourcecode.swift; path = SettingsButtonControlComponent.swift; sourceTree = "<group>"; };
		562BB2CF25389E94002B90AF /* GamblingContentView.xib */ = {isa = PBXFileReference; lastKnownFileType = file.xib; path = GamblingContentView.xib; sourceTree = "<group>"; };
		562BB2D225389EAB002B90AF /* GamblingContentView.swift */ = {isa = PBXFileReference; lastKnownFileType = sourcecode.swift; path = GamblingContentView.swift; sourceTree = "<group>"; };
		562BB2E92538B04B002B90AF /* PlayerDescriptionCVC.swift */ = {isa = PBXFileReference; lastKnownFileType = sourcecode.swift; path = PlayerDescriptionCVC.swift; sourceTree = "<group>"; };
		562BB2EA2538B04B002B90AF /* PlayerDescriptionCVC.xib */ = {isa = PBXFileReference; lastKnownFileType = file.xib; path = PlayerDescriptionCVC.xib; sourceTree = "<group>"; };
		562BB2F02538B0DC002B90AF /* UICollectionViewExtension.swift */ = {isa = PBXFileReference; lastKnownFileType = sourcecode.swift; path = UICollectionViewExtension.swift; sourceTree = "<group>"; };
		562BB2F42538B1ED002B90AF /* UIViewExtension.swift */ = {isa = PBXFileReference; lastKnownFileType = sourcecode.swift; path = UIViewExtension.swift; sourceTree = "<group>"; };
		562BB2F72538C992002B90AF /* GamblingMapView.xib */ = {isa = PBXFileReference; lastKnownFileType = file.xib; path = GamblingMapView.xib; sourceTree = "<group>"; };
		562BB2FA2538C9A4002B90AF /* GamblingMapView.swift */ = {isa = PBXFileReference; lastKnownFileType = sourcecode.swift; path = GamblingMapView.swift; sourceTree = "<group>"; };
		562BB2FD2538CFAC002B90AF /* UIViewControllerExtension.swift */ = {isa = PBXFileReference; lastKnownFileType = sourcecode.swift; path = UIViewControllerExtension.swift; sourceTree = "<group>"; };
		562E613E253A104B00B2348B /* HorseRacingCML.mlmodel */ = {isa = PBXFileReference; lastKnownFileType = file.mlmodel; path = HorseRacingCML.mlmodel; sourceTree = "<group>"; };
		562E6142253A12EC00B2348B /* HorseRacingData.swift */ = {isa = PBXFileReference; lastKnownFileType = sourcecode.swift; path = HorseRacingData.swift; sourceTree = "<group>"; };
		562E6146253A13BD00B2348B /* HorseRacingMap.swift */ = {isa = PBXFileReference; lastKnownFileType = sourcecode.swift; path = HorseRacingMap.swift; sourceTree = "<group>"; };
		562E614B253A149C00B2348B /* HorseRacing.swift */ = {isa = PBXFileReference; lastKnownFileType = sourcecode.swift; path = HorseRacing.swift; sourceTree = "<group>"; };
		56390101250AAF3A00347569 /* BaseMapScene.swift */ = {isa = PBXFileReference; lastKnownFileType = sourcecode.swift; path = BaseMapScene.swift; sourceTree = "<group>"; };
		56390103250AC76400347569 /* MainCharacter.swift */ = {isa = PBXFileReference; lastKnownFileType = sourcecode.swift; path = MainCharacter.swift; sourceTree = "<group>"; };
		56390107250ACA6400347569 /* BaseHero.swift */ = {isa = PBXFileReference; lastKnownFileType = sourcecode.swift; path = BaseHero.swift; sourceTree = "<group>"; };
		566444E02527738F00F39D24 /* NormalState.swift */ = {isa = PBXFileReference; lastKnownFileType = sourcecode.swift; path = NormalState.swift; sourceTree = "<group>"; };
		56785ADE252A09910020C832 /* MainHeroActions.sks */ = {isa = PBXFileReference; lastKnownFileType = file.sks; path = MainHeroActions.sks; sourceTree = "<group>"; };
		56785AE6252A1F3D0020C832 /* AnimateComponent.swift */ = {isa = PBXFileReference; lastKnownFileType = sourcecode.swift; path = AnimateComponent.swift; sourceTree = "<group>"; };
		56785BFC252CB75B0020C832 /* HorseCharacter.swift */ = {isa = PBXFileReference; lastKnownFileType = sourcecode.swift; path = HorseCharacter.swift; sourceTree = "<group>"; };
		56785C05252CC6180020C832 /* main_menu_background.mp3 */ = {isa = PBXFileReference; lastKnownFileType = audio.mp3; path = main_menu_background.mp3; sourceTree = "<group>"; };
		568421C8253A1DE300F022A9 /* HorseRacingDataPreparer.swift */ = {isa = PBXFileReference; lastKnownFileType = sourcecode.swift; path = HorseRacingDataPreparer.swift; sourceTree = "<group>"; };
		568421CD253A674300F022A9 /* BaseGamblingDataSource.swift */ = {isa = PBXFileReference; lastKnownFileType = sourcecode.swift; path = BaseGamblingDataSource.swift; sourceTree = "<group>"; };
		568421D3253A7BA500F022A9 /* BaseGamblingPlayer.swift */ = {isa = PBXFileReference; lastKnownFileType = sourcecode.swift; path = BaseGamblingPlayer.swift; sourceTree = "<group>"; };
		568421D6253A7C1700F022A9 /* BaseGamblingMap.swift */ = {isa = PBXFileReference; lastKnownFileType = sourcecode.swift; path = BaseGamblingMap.swift; sourceTree = "<group>"; };
		568421D9253B456500F022A9 /* PlayerParametr.swift */ = {isa = PBXFileReference; lastKnownFileType = sourcecode.swift; path = PlayerParametr.swift; sourceTree = "<group>"; };
		568421DC253B5C4400F022A9 /* BasePlayerLocalizeDescription.swift */ = {isa = PBXFileReference; lastKnownFileType = sourcecode.swift; path = BasePlayerLocalizeDescription.swift; sourceTree = "<group>"; };
		568421E1253BC16600F022A9 /* HeroesList.swift */ = {isa = PBXFileReference; lastKnownFileType = sourcecode.swift; path = HeroesList.swift; sourceTree = "<group>"; };
		568421E7253BC6BF00F022A9 /* UIImageViewExtension.swift */ = {isa = PBXFileReference; lastKnownFileType = sourcecode.swift; path = UIImageViewExtension.swift; sourceTree = "<group>"; };
		568421EB253BCB0C00F022A9 /* NotificationCenterExtension.swift */ = {isa = PBXFileReference; lastKnownFileType = sourcecode.swift; path = NotificationCenterExtension.swift; sourceTree = "<group>"; };
		568421FD253BF76300F022A9 /* BaseQuest.swift */ = {isa = PBXFileReference; lastKnownFileType = sourcecode.swift; path = BaseQuest.swift; sourceTree = "<group>"; };
		56842201253BF7A500F022A9 /* TrainingCowQuest.swift */ = {isa = PBXFileReference; lastKnownFileType = sourcecode.swift; path = TrainingCowQuest.swift; sourceTree = "<group>"; };
		56842216253C1EA900F022A9 /* BaseActions.swift */ = {isa = PBXFileReference; lastKnownFileType = sourcecode.swift; path = BaseActions.swift; sourceTree = "<group>"; };
		56842219253C858600F022A9 /* Task.swift */ = {isa = PBXFileReference; lastKnownFileType = sourcecode.swift; path = Task.swift; sourceTree = "<group>"; };
		5684222D253CBB8500F022A9 /* QuestManager.swift */ = {isa = PBXFileReference; lastKnownFileType = sourcecode.swift; path = QuestManager.swift; sourceTree = "<group>"; };
		56889CE52479E1F1009F3BF8 /* FarmScene.sks */ = {isa = PBXFileReference; lastKnownFileType = file.sks; path = FarmScene.sks; sourceTree = "<group>"; };
		56889CE72479E2A4009F3BF8 /* FarmScene.swift */ = {isa = PBXFileReference; lastKnownFileType = sourcecode.swift; path = FarmScene.swift; sourceTree = "<group>"; };
		56889CF02479ED9A009F3BF8 /* GardenScene.sks */ = {isa = PBXFileReference; lastKnownFileType = file.sks; path = GardenScene.sks; sourceTree = "<group>"; };
		56889CF22479EDAA009F3BF8 /* MarketGardenScene.sks */ = {isa = PBXFileReference; lastKnownFileType = file.sks; path = MarketGardenScene.sks; sourceTree = "<group>"; };
		56889CF62479EDCF009F3BF8 /* MarketGardenScene.swift */ = {isa = PBXFileReference; lastKnownFileType = sourcecode.swift; path = MarketGardenScene.swift; sourceTree = "<group>"; };
		56889CF82479EDE6009F3BF8 /* GardenScene.swift */ = {isa = PBXFileReference; lastKnownFileType = sourcecode.swift; path = GardenScene.swift; sourceTree = "<group>"; };
		56889CFC2479FDE0009F3BF8 /* WaterWellScene.sks */ = {isa = PBXFileReference; lastKnownFileType = file.sks; path = WaterWellScene.sks; sourceTree = "<group>"; };
		56889CFE2479FDF9009F3BF8 /* WaterWellScene.swift */ = {isa = PBXFileReference; lastKnownFileType = sourcecode.swift; path = WaterWellScene.swift; sourceTree = "<group>"; };
		569B8E6C253337BC001F939A /* DialogView.xib */ = {isa = PBXFileReference; lastKnownFileType = file.xib; path = DialogView.xib; sourceTree = "<group>"; };
		569B8E6F253337D9001F939A /* DialogView.swift */ = {isa = PBXFileReference; lastKnownFileType = sourcecode.swift; path = DialogView.swift; sourceTree = "<group>"; };
		56B16DD7252E2D9F00AC21B7 /* InteractableMainHeroButtons.swift */ = {isa = PBXFileReference; lastKnownFileType = sourcecode.swift; path = InteractableMainHeroButtons.swift; sourceTree = "<group>"; };
		56B16DDA252E2F5D00AC21B7 /* PlayerInteractableButtonsComponent.swift */ = {isa = PBXFileReference; lastKnownFileType = sourcecode.swift; path = PlayerInteractableButtonsComponent.swift; sourceTree = "<group>"; };
		56B16DDE252F4DFF00AC21B7 /* ES_Factory Conveyor 1 - SFX Producer.mp3 */ = {isa = PBXFileReference; lastKnownFileType = audio.mp3; path = "ES_Factory Conveyor 1 - SFX Producer.mp3"; sourceTree = "<group>"; };
		56B16DE8252F52FA00AC21B7 /* ES_Steam Engine Tractor 34 - SFX Producer (cut).mp3 */ = {isa = PBXFileReference; lastKnownFileType = audio.mp3; path = "ES_Steam Engine Tractor 34 - SFX Producer (cut).mp3"; sourceTree = "<group>"; };
		56B16DF0252F667200AC21B7 /* ES_Slot Machine Pull 2 - SFX Producer(cut) on.mp3 */ = {isa = PBXFileReference; lastKnownFileType = audio.mp3; path = "ES_Slot Machine Pull 2 - SFX Producer(cut) on.mp3"; sourceTree = "<group>"; };
		56B16DF32532762900AC21B7 /* MainMenuHeroActions.sks */ = {isa = PBXFileReference; lastKnownFileType = file.sks; path = MainMenuHeroActions.sks; sourceTree = "<group>"; };
		56CF1F07240415120064A02A /* Focus.entitlements */ = {isa = PBXFileReference; lastKnownFileType = text.plist.entitlements; path = Focus.entitlements; sourceTree = "<group>"; };
		56CF1F0D240484BB0064A02A /* SKSceneExtension.swift */ = {isa = PBXFileReference; lastKnownFileType = sourcecode.swift; path = SKSceneExtension.swift; sourceTree = "<group>"; };
		56CF1F0F24048D0E0064A02A /* AppBitMasks.swift */ = {isa = PBXFileReference; lastKnownFileType = sourcecode.swift; path = AppBitMasks.swift; sourceTree = "<group>"; };
		56D063DA24D4B5A9003D6A0A /* StringExtension.swift */ = {isa = PBXFileReference; lastKnownFileType = sourcecode.swift; path = StringExtension.swift; sourceTree = "<group>"; };
		56D063DC24D4B61A003D6A0A /* SKTextureExtension.swift */ = {isa = PBXFileReference; lastKnownFileType = sourcecode.swift; path = SKTextureExtension.swift; sourceTree = "<group>"; };
		56D063DE24D4BD67003D6A0A /* TouchHelper.swift */ = {isa = PBXFileReference; lastKnownFileType = sourcecode.swift; path = TouchHelper.swift; sourceTree = "<group>"; };
		56E490E12527D17F00D4D79C /* TouchControlInput.swift */ = {isa = PBXFileReference; lastKnownFileType = sourcecode.swift; path = TouchControlInput.swift; sourceTree = "<group>"; };
		56E490E52527DD4000D4D79C /* PlayerControlComponent.swift */ = {isa = PBXFileReference; lastKnownFileType = sourcecode.swift; path = PlayerControlComponent.swift; sourceTree = "<group>"; };
		56F5992E2471723500E3EDD7 /* SKColorExtension.swift */ = {isa = PBXFileReference; lastKnownFileType = sourcecode.swift; path = SKColorExtension.swift; sourceTree = "<group>"; };
		8DCEAF13FFA7712D6312CB86 /* Pods-Focus.release.xcconfig */ = {isa = PBXFileReference; includeInIndex = 1; lastKnownFileType = text.xcconfig; name = "Pods-Focus.release.xcconfig"; path = "Target Support Files/Pods-Focus/Pods-Focus.release.xcconfig"; sourceTree = "<group>"; };
		E447C974ABF2AF6985197960 /* Pods-Focus.debug.xcconfig */ = {isa = PBXFileReference; includeInIndex = 1; lastKnownFileType = text.xcconfig; name = "Pods-Focus.debug.xcconfig"; path = "Target Support Files/Pods-Focus/Pods-Focus.debug.xcconfig"; sourceTree = "<group>"; };
/* End PBXFileReference section */

/* Begin PBXFrameworksBuildPhase section */
		562935D223F8971400F3F0D0 /* Frameworks */ = {
			isa = PBXFrameworksBuildPhase;
			buildActionMask = 2147483647;
			files = (
				738325275F1983B95950759B /* Pods_Focus.framework in Frameworks */,
			);
			runOnlyForDeploymentPostprocessing = 0;
		};
/* End PBXFrameworksBuildPhase section */

/* Begin PBXGroup section */
		554BEA4A36CE2EFEF253A49F /* Frameworks */ = {
			isa = PBXGroup;
			children = (
				081EE223125D81E2A4C7E2E9 /* Pods_Focus.framework */,
			);
			name = Frameworks;
			sourceTree = "<group>";
		};
		561197002486DCCB0098251C /* Tree */ = {
			isa = PBXGroup;
			children = (
				561197032486DD0E0098251C /* TreeScene.sks */,
				561197052486DD1B0098251C /* TreeScene.swift */,
			);
			path = Tree;
			sourceTree = "<group>";
		};
		562935CC23F8971400F3F0D0 = {
			isa = PBXGroup;
			children = (
				562935D723F8971400F3F0D0 /* Focus */,
				562935D623F8971400F3F0D0 /* Products */,
				9F31FB0740A710BDB47A09C1 /* Pods */,
				554BEA4A36CE2EFEF253A49F /* Frameworks */,
			);
			sourceTree = "<group>";
		};
		562935D623F8971400F3F0D0 /* Products */ = {
			isa = PBXGroup;
			children = (
				562935D523F8971400F3F0D0 /* Focus.app */,
			);
			name = Products;
			sourceTree = "<group>";
		};
		562935D723F8971400F3F0D0 /* Focus */ = {
			isa = PBXGroup;
			children = (
				5684222C253CBB7800F022A9 /* Managers */,
				568421CC253A65B100F022A9 /* Localizers */,
				562BB1AB2537C94D002B90AF /* Models */,
				56393372246703EF005CB0C0 /* System */,
				566444DF2527736A00F39D24 /* States */,
				56E490E42527DD1600D4D79C /* Components */,
				5639337324670BD4005CB0C0 /* Nodes */,
				569B8E6A25333518001F939A /* Views */,
				5668539824708A17006A3D36 /* Storyboards */,
				5668539924708A88006A3D36 /* Controllers */,
				56C8E98A24001A06006E3802 /* Scenes */,
				5668539A24708A94006A3D36 /* Actions */,
				56CF1F0C240484770064A02A /* Extension */,
				56CF1F08240478C30064A02A /* Helpers */,
				569178A12468543700286949 /* Resources */,
			);
			path = Focus;
			sourceTree = "<group>";
		};
		562BB1A62537B3CA002B90AF /* CoreML */ = {
			isa = PBXGroup;
			children = (
				562E613E253A104B00B2348B /* HorseRacingCML.mlmodel */,
			);
			path = CoreML;
			sourceTree = "<group>";
		};
		562BB1AB2537C94D002B90AF /* Models */ = {
			isa = PBXGroup;
			children = (
				568421FC253BF6BC00F022A9 /* Quest */,
				568421E0253BC14900F022A9 /* GameObjects */,
				562E6141253A117E00B2348B /* Gambling */,
				562BB1AC2537C956002B90AF /* CoreML */,
			);
			path = Models;
			sourceTree = "<group>";
		};
		562BB1AC2537C956002B90AF /* CoreML */ = {
			isa = PBXGroup;
			children = (
				562E6149253A145B00B2348B /* HorsesRacing */,
			);
			path = CoreML;
			sourceTree = "<group>";
		};
		562BB1C12537DC8E002B90AF /* PlayerDescription */ = {
			isa = PBXGroup;
			children = (
				562BB1D92537E17F002B90AF /* PlayerDescriptionView.xib */,
				562BB1C52537DCEA002B90AF /* PlayerDescriptionView.swift */,
			);
			path = PlayerDescription;
			sourceTree = "<group>";
		};
		562BB1EB2537E92F002B90AF /* GamblingVC */ = {
			isa = PBXGroup;
			children = (
				562BB1EC2537E947002B90AF /* GamblingViewController.swift */,
				562BB1ED2537E947002B90AF /* GamblingViewController.xib */,
			);
			path = GamblingVC;
			sourceTree = "<group>";
		};
		562BB2CA25389D49002B90AF /* GameSettingsVC */ = {
			isa = PBXGroup;
			children = (
			);
			path = GameSettingsVC;
			sourceTree = "<group>";
		};
		562BB2CC25389DF5002B90AF /* Gambling */ = {
			isa = PBXGroup;
			children = (
				562BB2E82538AFFF002B90AF /* PlayerDescriptionCell */,
				562BB1C12537DC8E002B90AF /* PlayerDescription */,
				562BB2CE25389E59002B90AF /* MapTab */,
				562BB2CD25389E33002B90AF /* ContentTab */,
			);
			path = Gambling;
			sourceTree = "<group>";
		};
		562BB2CD25389E33002B90AF /* ContentTab */ = {
			isa = PBXGroup;
			children = (
				562BB2CF25389E94002B90AF /* GamblingContentView.xib */,
				562BB2D225389EAB002B90AF /* GamblingContentView.swift */,
			);
			path = ContentTab;
			sourceTree = "<group>";
		};
		562BB2CE25389E59002B90AF /* MapTab */ = {
			isa = PBXGroup;
			children = (
				562BB2F72538C992002B90AF /* GamblingMapView.xib */,
				562BB2FA2538C9A4002B90AF /* GamblingMapView.swift */,
			);
			path = MapTab;
			sourceTree = "<group>";
		};
		562BB2E82538AFFF002B90AF /* PlayerDescriptionCell */ = {
			isa = PBXGroup;
			children = (
				562BB2E92538B04B002B90AF /* PlayerDescriptionCVC.swift */,
				562BB2EA2538B04B002B90AF /* PlayerDescriptionCVC.xib */,
			);
			path = PlayerDescriptionCell;
			sourceTree = "<group>";
		};
		562BB2EE2538B0BE002B90AF /* SpriteKit */ = {
			isa = PBXGroup;
			children = (
				56CF1F0D240484BB0064A02A /* SKSceneExtension.swift */,
				56F5992E2471723500E3EDD7 /* SKColorExtension.swift */,
				56D063DA24D4B5A9003D6A0A /* StringExtension.swift */,
				56D063DC24D4B61A003D6A0A /* SKTextureExtension.swift */,
			);
			path = SpriteKit;
			sourceTree = "<group>";
		};
		562BB2EF2538B0C9002B90AF /* UIKit */ = {
			isa = PBXGroup;
			children = (
				562BB2F02538B0DC002B90AF /* UICollectionViewExtension.swift */,
				562BB2F42538B1ED002B90AF /* UIViewExtension.swift */,
				562BB2FD2538CFAC002B90AF /* UIViewControllerExtension.swift */,
				568421E7253BC6BF00F022A9 /* UIImageViewExtension.swift */,
			);
			path = UIKit;
			sourceTree = "<group>";
		};
		562E6141253A117E00B2348B /* Gambling */ = {
			isa = PBXGroup;
			children = (
				568421CD253A674300F022A9 /* BaseGamblingDataSource.swift */,
				568421C8253A1DE300F022A9 /* HorseRacingDataPreparer.swift */,
				562E6142253A12EC00B2348B /* HorseRacingData.swift */,
				568421D3253A7BA500F022A9 /* BaseGamblingPlayer.swift */,
				568421D6253A7C1700F022A9 /* BaseGamblingMap.swift */,
				568421D9253B456500F022A9 /* PlayerParametr.swift */,
			);
			path = Gambling;
			sourceTree = "<group>";
		};
		562E6149253A145B00B2348B /* HorsesRacing */ = {
			isa = PBXGroup;
			children = (
				562BB1AD2537C9FF002B90AF /* HorseRacingPlayer.swift */,
				562E6146253A13BD00B2348B /* HorseRacingMap.swift */,
				562E614B253A149C00B2348B /* HorseRacing.swift */,
				568421DC253B5C4400F022A9 /* BasePlayerLocalizeDescription.swift */,
			);
			path = HorsesRacing;
			sourceTree = "<group>";
		};
		56390100250AAEB100347569 /* Base */ = {
			isa = PBXGroup;
			children = (
				56390101250AAF3A00347569 /* BaseMapScene.swift */,
			);
			path = Base;
			sourceTree = "<group>";
		};
		56393372246703EF005CB0C0 /* System */ = {
			isa = PBXGroup;
			children = (
				562935D823F8971400F3F0D0 /* AppDelegate.swift */,
				56CF1F07240415120064A02A /* Focus.entitlements */,
				562935EA23F8971500F3F0D0 /* Info.plist */,
			);
			path = System;
			sourceTree = "<group>";
		};
		5639337324670BD4005CB0C0 /* Nodes */ = {
			isa = PBXGroup;
			children = (
				56E490DE2527810F00D4D79C /* Controls */,
				566444DE252771C300F39D24 /* Characters */,
			);
			path = Nodes;
			sourceTree = "<group>";
		};
		566444DE252771C300F39D24 /* Characters */ = {
			isa = PBXGroup;
			children = (
				56785BFB252CB7140020C832 /* Base */,
				56390103250AC76400347569 /* MainCharacter.swift */,
				56785BFC252CB75B0020C832 /* HorseCharacter.swift */,
			);
			path = Characters;
			sourceTree = "<group>";
		};
		566444DF2527736A00F39D24 /* States */ = {
			isa = PBXGroup;
			children = (
				566444E02527738F00F39D24 /* NormalState.swift */,
			);
			path = States;
			sourceTree = "<group>";
		};
		5668539824708A17006A3D36 /* Storyboards */ = {
			isa = PBXGroup;
			children = (
				562935E223F8971400F3F0D0 /* Main.storyboard */,
				562935E723F8971500F3F0D0 /* LaunchScreen.storyboard */,
			);
			path = Storyboards;
			sourceTree = "<group>";
		};
		5668539924708A88006A3D36 /* Controllers */ = {
			isa = PBXGroup;
			children = (
				562BB2CA25389D49002B90AF /* GameSettingsVC */,
				562BB1EB2537E92F002B90AF /* GamblingVC */,
				562935E023F8971400F3F0D0 /* GameViewController.swift */,
			);
			path = Controllers;
			sourceTree = "<group>";
		};
		5668539A24708A94006A3D36 /* Actions */ = {
			isa = PBXGroup;
			children = (
				56785ADE252A09910020C832 /* MainHeroActions.sks */,
				56B16DF32532762900AC21B7 /* MainMenuHeroActions.sks */,
			);
			path = Actions;
			sourceTree = "<group>";
		};
		5668539B24708B10006A3D36 /* Main */ = {
			isa = PBXGroup;
			children = (
				562935DA23F8971400F3F0D0 /* MainMenuScene.sks */,
				562935DE23F8971400F3F0D0 /* MainMenuScene.swift */,
			);
			path = Main;
			sourceTree = "<group>";
		};
		56785BFB252CB7140020C832 /* Base */ = {
			isa = PBXGroup;
			children = (
				56390107250ACA6400347569 /* BaseHero.swift */,
			);
			path = Base;
			sourceTree = "<group>";
		};
		568421CC253A65B100F022A9 /* Localizers */ = {
			isa = PBXGroup;
			children = (
			);
			path = Localizers;
			sourceTree = "<group>";
		};
		568421E0253BC14900F022A9 /* GameObjects */ = {
			isa = PBXGroup;
			children = (
				568421E1253BC16600F022A9 /* HeroesList.swift */,
			);
			name = GameObjects;
			sourceTree = "<group>";
		};
		568421EA253BCAF500F022A9 /* Notification */ = {
			isa = PBXGroup;
			children = (
				568421EB253BCB0C00F022A9 /* NotificationCenterExtension.swift */,
			);
			path = Notification;
			sourceTree = "<group>";
		};
		568421FC253BF6BC00F022A9 /* Quest */ = {
			isa = PBXGroup;
			children = (
				568421FD253BF76300F022A9 /* BaseQuest.swift */,
				56842201253BF7A500F022A9 /* TrainingCowQuest.swift */,
				56842216253C1EA900F022A9 /* BaseActions.swift */,
				56842219253C858600F022A9 /* Task.swift */,
			);
			path = Quest;
			sourceTree = "<group>";
		};
		5684222C253CBB7800F022A9 /* Managers */ = {
			isa = PBXGroup;
			children = (
				5684222D253CBB8500F022A9 /* QuestManager.swift */,
			);
			path = Managers;
			sourceTree = "<group>";
		};
		56889CE42479E1C3009F3BF8 /* Farm */ = {
			isa = PBXGroup;
			children = (
				56889CE52479E1F1009F3BF8 /* FarmScene.sks */,
				56889CE72479E2A4009F3BF8 /* FarmScene.swift */,
			);
			path = Farm;
			sourceTree = "<group>";
		};
		56889CE92479EA7E009F3BF8 /* FarmArea */ = {
			isa = PBXGroup;
			children = (
				56889CE42479E1C3009F3BF8 /* Farm */,
				56889CEB2479EB00009F3BF8 /* MarketGarden  */,
				56889CEA2479EAA6009F3BF8 /* Garden */,
				561197002486DCCB0098251C /* Tree */,
				56889CFB2479FC3B009F3BF8 /* WaterWell  */,
			);
			path = FarmArea;
			sourceTree = "<group>";
		};
		56889CEA2479EAA6009F3BF8 /* Garden */ = {
			isa = PBXGroup;
			children = (
				56889CF02479ED9A009F3BF8 /* GardenScene.sks */,
				56889CF82479EDE6009F3BF8 /* GardenScene.swift */,
			);
			path = Garden;
			sourceTree = "<group>";
		};
		56889CEB2479EB00009F3BF8 /* MarketGarden  */ = {
			isa = PBXGroup;
			children = (
				56889CF22479EDAA009F3BF8 /* MarketGardenScene.sks */,
				56889CF62479EDCF009F3BF8 /* MarketGardenScene.swift */,
			);
			path = "MarketGarden ";
			sourceTree = "<group>";
		};
		56889CFA2479F431009F3BF8 /* Minigames */ = {
			isa = PBXGroup;
			children = (
			);
			path = Minigames;
			sourceTree = "<group>";
		};
		56889CFB2479FC3B009F3BF8 /* WaterWell  */ = {
			isa = PBXGroup;
			children = (
				56889CFC2479FDE0009F3BF8 /* WaterWellScene.sks */,
				56889CFE2479FDF9009F3BF8 /* WaterWellScene.swift */,
			);
			path = "WaterWell ";
			sourceTree = "<group>";
		};
		569178A12468543700286949 /* Resources */ = {
			isa = PBXGroup;
			children = (
				562BB1A62537B3CA002B90AF /* CoreML */,
				56D063E024D5F15A003D6A0A /* Sounds */,
				562935E523F8971500F3F0D0 /* Assets.xcassets */,
				562BB1D32537E11A002B90AF /* Localizable.strings */,
			);
			path = Resources;
			sourceTree = "<group>";
		};
		569B8E6A25333518001F939A /* Views */ = {
			isa = PBXGroup;
			children = (
				562BB2CC25389DF5002B90AF /* Gambling */,
				569B8E6B25333533001F939A /* Dialog */,
			);
			path = Views;
			sourceTree = "<group>";
		};
		569B8E6B25333533001F939A /* Dialog */ = {
			isa = PBXGroup;
			children = (
				569B8E6C253337BC001F939A /* DialogView.xib */,
				569B8E6F253337D9001F939A /* DialogView.swift */,
			);
			path = Dialog;
			sourceTree = "<group>";
		};
		56B16DDD252F4DC200AC21B7 /* Effects */ = {
			isa = PBXGroup;
			children = (
				56B16DF0252F667200AC21B7 /* ES_Slot Machine Pull 2 - SFX Producer(cut) on.mp3 */,
				56B16DE8252F52FA00AC21B7 /* ES_Steam Engine Tractor 34 - SFX Producer (cut).mp3 */,
				56B16DDE252F4DFF00AC21B7 /* ES_Factory Conveyor 1 - SFX Producer.mp3 */,
			);
			path = Effects;
			sourceTree = "<group>";
		};
		56C8E98A24001A06006E3802 /* Scenes */ = {
			isa = PBXGroup;
			children = (
				56390100250AAEB100347569 /* Base */,
				56889CFA2479F431009F3BF8 /* Minigames */,
				56889CE92479EA7E009F3BF8 /* FarmArea */,
				5668539B24708B10006A3D36 /* Main */,
			);
			path = Scenes;
			sourceTree = "<group>";
		};
		56CF1F08240478C30064A02A /* Helpers */ = {
			isa = PBXGroup;
			children = (
				56CF1F0F24048D0E0064A02A /* AppBitMasks.swift */,
				56D063DE24D4BD67003D6A0A /* TouchHelper.swift */,
			);
			path = Helpers;
			sourceTree = "<group>";
		};
		56CF1F0C240484770064A02A /* Extension */ = {
			isa = PBXGroup;
			children = (
				568421EA253BCAF500F022A9 /* Notification */,
				562BB2EF2538B0C9002B90AF /* UIKit */,
				562BB2EE2538B0BE002B90AF /* SpriteKit */,
			);
			path = Extension;
			sourceTree = "<group>";
		};
		56D063E024D5F15A003D6A0A /* Sounds */ = {
			isa = PBXGroup;
			children = (
				56B16DDD252F4DC200AC21B7 /* Effects */,
				56D063E324D5F16A003D6A0A /* Background */,
			);
			path = Sounds;
			sourceTree = "<group>";
		};
		56D063E324D5F16A003D6A0A /* Background */ = {
			isa = PBXGroup;
			children = (
				56785C05252CC6180020C832 /* main_menu_background.mp3 */,
			);
			path = Background;
			sourceTree = "<group>";
		};
		56E490DE2527810F00D4D79C /* Controls */ = {
			isa = PBXGroup;
			children = (
				56E490E12527D17F00D4D79C /* TouchControlInput.swift */,
				56B16DD7252E2D9F00AC21B7 /* InteractableMainHeroButtons.swift */,
				562BB2A925388109002B90AF /* BaseControllNode.swift */,
				562BB2AC25388616002B90AF /* SettingsButton.swift */,
			);
			path = Controls;
			sourceTree = "<group>";
		};
		56E490E42527DD1600D4D79C /* Components */ = {
			isa = PBXGroup;
			children = (
				56E490E52527DD4000D4D79C /* PlayerControlComponent.swift */,
				56785AE6252A1F3D0020C832 /* AnimateComponent.swift */,
				56B16DDA252E2F5D00AC21B7 /* PlayerInteractableButtonsComponent.swift */,
				562BB2AF2538887D002B90AF /* SettingsButtonControlComponent.swift */,
			);
			path = Components;
			sourceTree = "<group>";
		};
		9F31FB0740A710BDB47A09C1 /* Pods */ = {
			isa = PBXGroup;
			children = (
				E447C974ABF2AF6985197960 /* Pods-Focus.debug.xcconfig */,
				8DCEAF13FFA7712D6312CB86 /* Pods-Focus.release.xcconfig */,
			);
			path = Pods;
			sourceTree = "<group>";
		};
/* End PBXGroup section */

/* Begin PBXNativeTarget section */
		562935D423F8971400F3F0D0 /* Focus */ = {
			isa = PBXNativeTarget;
			buildConfigurationList = 562935ED23F8971500F3F0D0 /* Build configuration list for PBXNativeTarget "Focus" */;
			buildPhases = (
				977AC81319CD53906358719C /* [CP] Check Pods Manifest.lock */,
				562935D123F8971400F3F0D0 /* Sources */,
				562935D223F8971400F3F0D0 /* Frameworks */,
				562935D323F8971400F3F0D0 /* Resources */,
				EF588FFBD107BB2CD11D9887 /* [CP] Embed Pods Frameworks */,
			);
			buildRules = (
			);
			dependencies = (
			);
			name = Focus;
			productName = Focus;
			productReference = 562935D523F8971400F3F0D0 /* Focus.app */;
			productType = "com.apple.product-type.application";
		};
/* End PBXNativeTarget section */

/* Begin PBXProject section */
		562935CD23F8971400F3F0D0 /* Project object */ = {
			isa = PBXProject;
			attributes = {
				LastSwiftUpdateCheck = 1130;
				LastUpgradeCheck = 1200;
				ORGANIZATIONNAME = "Igor Starobor";
				TargetAttributes = {
					562935D423F8971400F3F0D0 = {
						CreatedOnToolsVersion = 11.3.1;
					};
				};
			};
			buildConfigurationList = 562935D023F8971400F3F0D0 /* Build configuration list for PBXProject "Focus" */;
			compatibilityVersion = "Xcode 9.3";
			developmentRegion = en;
			hasScannedForEncodings = 0;
			knownRegions = (
				en,
				Base,
				uk,
				ru,
			);
			mainGroup = 562935CC23F8971400F3F0D0;
			productRefGroup = 562935D623F8971400F3F0D0 /* Products */;
			projectDirPath = "";
			projectRoot = "";
			targets = (
				562935D423F8971400F3F0D0 /* Focus */,
			);
		};
/* End PBXProject section */

/* Begin PBXResourcesBuildPhase section */
		562935D323F8971400F3F0D0 /* Resources */ = {
			isa = PBXResourcesBuildPhase;
			buildActionMask = 2147483647;
			files = (
				56785ADF252A09910020C832 /* MainHeroActions.sks in Resources */,
				56B16DDF252F4DFF00AC21B7 /* ES_Factory Conveyor 1 - SFX Producer.mp3 in Resources */,
				56B16DF1252F667200AC21B7 /* ES_Slot Machine Pull 2 - SFX Producer(cut) on.mp3 in Resources */,
				56889CE62479E1F1009F3BF8 /* FarmScene.sks in Resources */,
				56B16DF42532762900AC21B7 /* MainMenuHeroActions.sks in Resources */,
				562935E423F8971400F3F0D0 /* Main.storyboard in Resources */,
				56B16DE9252F52FA00AC21B7 /* ES_Steam Engine Tractor 34 - SFX Producer (cut).mp3 in Resources */,
				56889CFD2479FDE0009F3BF8 /* WaterWellScene.sks in Resources */,
				56785C06252CC6180020C832 /* main_menu_background.mp3 in Resources */,
				562935DB23F8971400F3F0D0 /* MainMenuScene.sks in Resources */,
				569B8E6D253337BC001F939A /* DialogView.xib in Resources */,
				562BB1EF2537E947002B90AF /* GamblingViewController.xib in Resources */,
				562BB2F82538C992002B90AF /* GamblingMapView.xib in Resources */,
				562BB2EC2538B04B002B90AF /* PlayerDescriptionCVC.xib in Resources */,
				562935E623F8971500F3F0D0 /* Assets.xcassets in Resources */,
				562935E923F8971500F3F0D0 /* LaunchScreen.storyboard in Resources */,
				562BB1D12537E11A002B90AF /* Localizable.strings in Resources */,
				561197042486DD0E0098251C /* TreeScene.sks in Resources */,
				56889CF12479ED9A009F3BF8 /* GardenScene.sks in Resources */,
				562BB2D025389E94002B90AF /* GamblingContentView.xib in Resources */,
				56889CF32479EDAA009F3BF8 /* MarketGardenScene.sks in Resources */,
				562BB1D72537E17F002B90AF /* PlayerDescriptionView.xib in Resources */,
			);
			runOnlyForDeploymentPostprocessing = 0;
		};
/* End PBXResourcesBuildPhase section */

/* Begin PBXShellScriptBuildPhase section */
		977AC81319CD53906358719C /* [CP] Check Pods Manifest.lock */ = {
			isa = PBXShellScriptBuildPhase;
			buildActionMask = 2147483647;
			files = (
			);
			inputFileListPaths = (
			);
			inputPaths = (
				"${PODS_PODFILE_DIR_PATH}/Podfile.lock",
				"${PODS_ROOT}/Manifest.lock",
			);
			name = "[CP] Check Pods Manifest.lock";
			outputFileListPaths = (
			);
			outputPaths = (
				"$(DERIVED_FILE_DIR)/Pods-Focus-checkManifestLockResult.txt",
			);
			runOnlyForDeploymentPostprocessing = 0;
			shellPath = /bin/sh;
			shellScript = "diff \"${PODS_PODFILE_DIR_PATH}/Podfile.lock\" \"${PODS_ROOT}/Manifest.lock\" > /dev/null\nif [ $? != 0 ] ; then\n    # print error to STDERR\n    echo \"error: The sandbox is not in sync with the Podfile.lock. Run 'pod install' or update your CocoaPods installation.\" >&2\n    exit 1\nfi\n# This output is used by Xcode 'outputs' to avoid re-running this script phase.\necho \"SUCCESS\" > \"${SCRIPT_OUTPUT_FILE_0}\"\n";
			showEnvVarsInLog = 0;
		};
		EF588FFBD107BB2CD11D9887 /* [CP] Embed Pods Frameworks */ = {
			isa = PBXShellScriptBuildPhase;
			buildActionMask = 2147483647;
			files = (
			);
			inputFileListPaths = (
				"${PODS_ROOT}/Target Support Files/Pods-Focus/Pods-Focus-frameworks-${CONFIGURATION}-input-files.xcfilelist",
			);
			name = "[CP] Embed Pods Frameworks";
			outputFileListPaths = (
				"${PODS_ROOT}/Target Support Files/Pods-Focus/Pods-Focus-frameworks-${CONFIGURATION}-output-files.xcfilelist",
			);
			runOnlyForDeploymentPostprocessing = 0;
			shellPath = /bin/sh;
			shellScript = "\"${PODS_ROOT}/Target Support Files/Pods-Focus/Pods-Focus-frameworks.sh\"\n";
			showEnvVarsInLog = 0;
		};
/* End PBXShellScriptBuildPhase section */

/* Begin PBXSourcesBuildPhase section */
		562935D123F8971400F3F0D0 /* Sources */ = {
			isa = PBXSourcesBuildPhase;
			buildActionMask = 2147483647;
			files = (
				568421D4253A7BA500F022A9 /* BaseGamblingPlayer.swift in Sources */,
				56889CFF2479FDF9009F3BF8 /* WaterWellScene.swift in Sources */,
				56D063DF24D4BD67003D6A0A /* TouchHelper.swift in Sources */,
				569B8E70253337D9001F939A /* DialogView.swift in Sources */,
				56CF1F0E240484BB0064A02A /* SKSceneExtension.swift in Sources */,
				56CF1F1024048D0E0064A02A /* AppBitMasks.swift in Sources */,
				568421D7253A7C1700F022A9 /* BaseGamblingMap.swift in Sources */,
				562E613F253A104B00B2348B /* HorseRacingCML.mlmodel in Sources */,
				562BB1AE2537C9FF002B90AF /* HorseRacingPlayer.swift in Sources */,
				56F5992F2471723500E3EDD7 /* SKColorExtension.swift in Sources */,
				562E6143253A12EC00B2348B /* HorseRacingData.swift in Sources */,
				562935DF23F8971400F3F0D0 /* MainMenuScene.swift in Sources */,
				56390104250AC76400347569 /* MainCharacter.swift in Sources */,
				56889CE82479E2A5009F3BF8 /* FarmScene.swift in Sources */,
				562BB2EB2538B04B002B90AF /* PlayerDescriptionCVC.swift in Sources */,
				56B16DDB252E2F5D00AC21B7 /* PlayerInteractableButtonsComponent.swift in Sources */,
				56889CF72479EDCF009F3BF8 /* MarketGardenScene.swift in Sources */,
				562BB2F12538B0DC002B90AF /* UICollectionViewExtension.swift in Sources */,
				56390102250AAF3A00347569 /* BaseMapScene.swift in Sources */,
				56785AE7252A1F3D0020C832 /* AnimateComponent.swift in Sources */,
				56842202253BF7A500F022A9 /* TrainingCowQuest.swift in Sources */,
				562E6147253A13BD00B2348B /* HorseRacingMap.swift in Sources */,
				568421C9253A1DE300F022A9 /* HorseRacingDataPreparer.swift in Sources */,
				568421E8253BC6BF00F022A9 /* UIImageViewExtension.swift in Sources */,
				562BB2FE2538CFAC002B90AF /* UIViewControllerExtension.swift in Sources */,
				562BB2AA25388109002B90AF /* BaseControllNode.swift in Sources */,
				562BB2F52538B1ED002B90AF /* UIViewExtension.swift in Sources */,
				56B16DD8252E2D9F00AC21B7 /* InteractableMainHeroButtons.swift in Sources */,
				56E490E62527DD4000D4D79C /* PlayerControlComponent.swift in Sources */,
				562BB2B02538887D002B90AF /* SettingsButtonControlComponent.swift in Sources */,
				56785BFD252CB75B0020C832 /* HorseCharacter.swift in Sources */,
				56889CF92479EDE6009F3BF8 /* GardenScene.swift in Sources */,
				562E614C253A149C00B2348B /* HorseRacing.swift in Sources */,
				56D063DB24D4B5A9003D6A0A /* StringExtension.swift in Sources */,
				56842217253C1EA900F022A9 /* BaseActions.swift in Sources */,
				562935E123F8971400F3F0D0 /* GameViewController.swift in Sources */,
				562BB1C62537DCEA002B90AF /* PlayerDescriptionView.swift in Sources */,
				562935D923F8971400F3F0D0 /* AppDelegate.swift in Sources */,
				561197062486DD1B0098251C /* TreeScene.swift in Sources */,
				562BB1EE2537E947002B90AF /* GamblingViewController.swift in Sources */,
				568421E2253BC16600F022A9 /* HeroesList.swift in Sources */,
				566444E12527738F00F39D24 /* NormalState.swift in Sources */,
				568421CE253A674300F022A9 /* BaseGamblingDataSource.swift in Sources */,
				562BB2AD25388616002B90AF /* SettingsButton.swift in Sources */,
				568421DA253B456500F022A9 /* PlayerParametr.swift in Sources */,
				56390108250ACA6400347569 /* BaseHero.swift in Sources */,
				568421FE253BF76300F022A9 /* BaseQuest.swift in Sources */,
				5684222E253CBB8500F022A9 /* QuestManager.swift in Sources */,
				56E490E22527D17F00D4D79C /* TouchControlInput.swift in Sources */,
				568421EC253BCB0C00F022A9 /* NotificationCenterExtension.swift in Sources */,
				568421DD253B5C4400F022A9 /* BasePlayerLocalizeDescription.swift in Sources */,
				562BB2FB2538C9A4002B90AF /* GamblingMapView.swift in Sources */,
				56D063DD24D4B61A003D6A0A /* SKTextureExtension.swift in Sources */,
				5684221A253C858600F022A9 /* Task.swift in Sources */,
				562BB2D325389EAB002B90AF /* GamblingContentView.swift in Sources */,
			);
			runOnlyForDeploymentPostprocessing = 0;
		};
/* End PBXSourcesBuildPhase section */

/* Begin PBXVariantGroup section */
		562935E223F8971400F3F0D0 /* Main.storyboard */ = {
			isa = PBXVariantGroup;
			children = (
				562935E323F8971400F3F0D0 /* Base */,
				562BB1C82537E00E002B90AF /* uk */,
				562BB1CB2537E016002B90AF /* ru */,
			);
			name = Main.storyboard;
			sourceTree = "<group>";
		};
		562935E723F8971500F3F0D0 /* LaunchScreen.storyboard */ = {
			isa = PBXVariantGroup;
			children = (
				562935E823F8971500F3F0D0 /* Base */,
				562BB1C92537E00E002B90AF /* uk */,
				562BB1CC2537E016002B90AF /* ru */,
			);
			name = LaunchScreen.storyboard;
			sourceTree = "<group>";
		};
		562BB1D32537E11A002B90AF /* Localizable.strings */ = {
			isa = PBXVariantGroup;
			children = (
				562BB1D22537E11A002B90AF /* en */,
				562BB1D52537E120002B90AF /* ru */,
				562BB1D62537E122002B90AF /* uk */,
			);
			name = Localizable.strings;
			sourceTree = "<group>";
		};
		562BB1D92537E17F002B90AF /* PlayerDescriptionView.xib */ = {
			isa = PBXVariantGroup;
			children = (
				562BB1D82537E17F002B90AF /* Base */,
			);
			name = PlayerDescriptionView.xib;
			sourceTree = "<group>";
		};
/* End PBXVariantGroup section */

/* Begin XCBuildConfiguration section */
		562935EB23F8971500F3F0D0 /* Debug */ = {
			isa = XCBuildConfiguration;
			buildSettings = {
				ALWAYS_SEARCH_USER_PATHS = NO;
				CLANG_ANALYZER_LOCALIZABILITY_NONLOCALIZED = YES;
				CLANG_ANALYZER_NONNULL = YES;
				CLANG_ANALYZER_NUMBER_OBJECT_CONVERSION = YES_AGGRESSIVE;
				CLANG_CXX_LANGUAGE_STANDARD = "gnu++14";
				CLANG_CXX_LIBRARY = "libc++";
				CLANG_ENABLE_MODULES = YES;
				CLANG_ENABLE_OBJC_ARC = YES;
				CLANG_ENABLE_OBJC_WEAK = YES;
				CLANG_WARN_BLOCK_CAPTURE_AUTORELEASING = YES;
				CLANG_WARN_BOOL_CONVERSION = YES;
				CLANG_WARN_COMMA = YES;
				CLANG_WARN_CONSTANT_CONVERSION = YES;
				CLANG_WARN_DEPRECATED_OBJC_IMPLEMENTATIONS = YES;
				CLANG_WARN_DIRECT_OBJC_ISA_USAGE = YES_ERROR;
				CLANG_WARN_DOCUMENTATION_COMMENTS = YES;
				CLANG_WARN_EMPTY_BODY = YES;
				CLANG_WARN_ENUM_CONVERSION = YES;
				CLANG_WARN_INFINITE_RECURSION = YES;
				CLANG_WARN_INT_CONVERSION = YES;
				CLANG_WARN_NON_LITERAL_NULL_CONVERSION = YES;
				CLANG_WARN_OBJC_IMPLICIT_RETAIN_SELF = YES;
				CLANG_WARN_OBJC_LITERAL_CONVERSION = YES;
				CLANG_WARN_OBJC_ROOT_CLASS = YES_ERROR;
				CLANG_WARN_QUOTED_INCLUDE_IN_FRAMEWORK_HEADER = YES;
				CLANG_WARN_RANGE_LOOP_ANALYSIS = YES;
				CLANG_WARN_STRICT_PROTOTYPES = YES;
				CLANG_WARN_SUSPICIOUS_MOVE = YES;
				CLANG_WARN_UNGUARDED_AVAILABILITY = YES_AGGRESSIVE;
				CLANG_WARN_UNREACHABLE_CODE = YES;
				CLANG_WARN__DUPLICATE_METHOD_MATCH = YES;
				COPY_PHASE_STRIP = NO;
				DEBUG_INFORMATION_FORMAT = dwarf;
				ENABLE_STRICT_OBJC_MSGSEND = YES;
				ENABLE_TESTABILITY = YES;
				GCC_C_LANGUAGE_STANDARD = gnu11;
				GCC_DYNAMIC_NO_PIC = NO;
				GCC_NO_COMMON_BLOCKS = YES;
				GCC_OPTIMIZATION_LEVEL = 0;
				GCC_PREPROCESSOR_DEFINITIONS = (
					"DEBUG=1",
					"$(inherited)",
				);
				GCC_WARN_64_TO_32_BIT_CONVERSION = YES;
				GCC_WARN_ABOUT_RETURN_TYPE = YES_ERROR;
				GCC_WARN_UNDECLARED_SELECTOR = YES;
				GCC_WARN_UNINITIALIZED_AUTOS = YES_AGGRESSIVE;
				GCC_WARN_UNUSED_FUNCTION = YES;
				GCC_WARN_UNUSED_VARIABLE = YES;
				IPHONEOS_DEPLOYMENT_TARGET = 11.0;
				MTL_ENABLE_DEBUG_INFO = INCLUDE_SOURCE;
				MTL_FAST_MATH = YES;
				ONLY_ACTIVE_ARCH = YES;
				SDKROOT = iphoneos;
				SWIFT_ACTIVE_COMPILATION_CONDITIONS = DEBUG;
				SWIFT_OPTIMIZATION_LEVEL = "-Onone";
			};
			name = Debug;
		};
		562935EC23F8971500F3F0D0 /* Release */ = {
			isa = XCBuildConfiguration;
			buildSettings = {
				ALWAYS_SEARCH_USER_PATHS = NO;
				CLANG_ANALYZER_LOCALIZABILITY_NONLOCALIZED = YES;
				CLANG_ANALYZER_NONNULL = YES;
				CLANG_ANALYZER_NUMBER_OBJECT_CONVERSION = YES_AGGRESSIVE;
				CLANG_CXX_LANGUAGE_STANDARD = "gnu++14";
				CLANG_CXX_LIBRARY = "libc++";
				CLANG_ENABLE_MODULES = YES;
				CLANG_ENABLE_OBJC_ARC = YES;
				CLANG_ENABLE_OBJC_WEAK = YES;
				CLANG_WARN_BLOCK_CAPTURE_AUTORELEASING = YES;
				CLANG_WARN_BOOL_CONVERSION = YES;
				CLANG_WARN_COMMA = YES;
				CLANG_WARN_CONSTANT_CONVERSION = YES;
				CLANG_WARN_DEPRECATED_OBJC_IMPLEMENTATIONS = YES;
				CLANG_WARN_DIRECT_OBJC_ISA_USAGE = YES_ERROR;
				CLANG_WARN_DOCUMENTATION_COMMENTS = YES;
				CLANG_WARN_EMPTY_BODY = YES;
				CLANG_WARN_ENUM_CONVERSION = YES;
				CLANG_WARN_INFINITE_RECURSION = YES;
				CLANG_WARN_INT_CONVERSION = YES;
				CLANG_WARN_NON_LITERAL_NULL_CONVERSION = YES;
				CLANG_WARN_OBJC_IMPLICIT_RETAIN_SELF = YES;
				CLANG_WARN_OBJC_LITERAL_CONVERSION = YES;
				CLANG_WARN_OBJC_ROOT_CLASS = YES_ERROR;
				CLANG_WARN_QUOTED_INCLUDE_IN_FRAMEWORK_HEADER = YES;
				CLANG_WARN_RANGE_LOOP_ANALYSIS = YES;
				CLANG_WARN_STRICT_PROTOTYPES = YES;
				CLANG_WARN_SUSPICIOUS_MOVE = YES;
				CLANG_WARN_UNGUARDED_AVAILABILITY = YES_AGGRESSIVE;
				CLANG_WARN_UNREACHABLE_CODE = YES;
				CLANG_WARN__DUPLICATE_METHOD_MATCH = YES;
				COPY_PHASE_STRIP = NO;
				DEBUG_INFORMATION_FORMAT = "dwarf-with-dsym";
				ENABLE_NS_ASSERTIONS = NO;
				ENABLE_STRICT_OBJC_MSGSEND = YES;
				GCC_C_LANGUAGE_STANDARD = gnu11;
				GCC_NO_COMMON_BLOCKS = YES;
				GCC_WARN_64_TO_32_BIT_CONVERSION = YES;
				GCC_WARN_ABOUT_RETURN_TYPE = YES_ERROR;
				GCC_WARN_UNDECLARED_SELECTOR = YES;
				GCC_WARN_UNINITIALIZED_AUTOS = YES_AGGRESSIVE;
				GCC_WARN_UNUSED_FUNCTION = YES;
				GCC_WARN_UNUSED_VARIABLE = YES;
				IPHONEOS_DEPLOYMENT_TARGET = 11.0;
				MTL_ENABLE_DEBUG_INFO = NO;
				MTL_FAST_MATH = YES;
				SDKROOT = iphoneos;
				SWIFT_COMPILATION_MODE = wholemodule;
				SWIFT_OPTIMIZATION_LEVEL = "-O";
				VALIDATE_PRODUCT = YES;
			};
			name = Release;
		};
		562935EE23F8971500F3F0D0 /* Debug */ = {
			isa = XCBuildConfiguration;
			baseConfigurationReference = E447C974ABF2AF6985197960 /* Pods-Focus.debug.xcconfig */;
			buildSettings = {
				ASSETCATALOG_COMPILER_APPICON_NAME = AppIcon;
				CODE_SIGN_ENTITLEMENTS = Focus/System/Focus.entitlements;
				CODE_SIGN_STYLE = Automatic;
				DERIVE_MACCATALYST_PRODUCT_BUNDLE_IDENTIFIER = YES;
				DEVELOPMENT_TEAM = MAFH3456M3;
				INFOPLIST_FILE = Focus/System/Info.plist;
				IPHONEOS_DEPLOYMENT_TARGET = 12.0;
				LD_RUNPATH_SEARCH_PATHS = (
					"$(inherited)",
					"@executable_path/Frameworks",
				);
				MACOSX_DEPLOYMENT_TARGET = 10.11;
				PRODUCT_BUNDLE_IDENTIFIER = i.starobor.Focus;
				PRODUCT_NAME = "$(TARGET_NAME)";
				SUPPORTS_MACCATALYST = YES;
				SWIFT_VERSION = 5.0;
				TARGETED_DEVICE_FAMILY = "1,2";
			};
			name = Debug;
		};
		562935EF23F8971500F3F0D0 /* Release */ = {
			isa = XCBuildConfiguration;
			baseConfigurationReference = 8DCEAF13FFA7712D6312CB86 /* Pods-Focus.release.xcconfig */;
			buildSettings = {
				ASSETCATALOG_COMPILER_APPICON_NAME = AppIcon;
				CODE_SIGN_ENTITLEMENTS = Focus/System/Focus.entitlements;
				CODE_SIGN_STYLE = Automatic;
				DERIVE_MACCATALYST_PRODUCT_BUNDLE_IDENTIFIER = YES;
				DEVELOPMENT_TEAM = MAFH3456M3;
				INFOPLIST_FILE = Focus/System/Info.plist;
				IPHONEOS_DEPLOYMENT_TARGET = 12.0;
				LD_RUNPATH_SEARCH_PATHS = (
					"$(inherited)",
					"@executable_path/Frameworks",
				);
				MACOSX_DEPLOYMENT_TARGET = 10.11;
				PRODUCT_BUNDLE_IDENTIFIER = i.starobor.Focus;
				PRODUCT_NAME = "$(TARGET_NAME)";
				SUPPORTS_MACCATALYST = YES;
				SWIFT_VERSION = 5.0;
				TARGETED_DEVICE_FAMILY = "1,2";
			};
			name = Release;
		};
/* End XCBuildConfiguration section */

/* Begin XCConfigurationList section */
		562935D023F8971400F3F0D0 /* Build configuration list for PBXProject "Focus" */ = {
			isa = XCConfigurationList;
			buildConfigurations = (
				562935EB23F8971500F3F0D0 /* Debug */,
				562935EC23F8971500F3F0D0 /* Release */,
			);
			defaultConfigurationIsVisible = 0;
			defaultConfigurationName = Release;
		};
		562935ED23F8971500F3F0D0 /* Build configuration list for PBXNativeTarget "Focus" */ = {
			isa = XCConfigurationList;
			buildConfigurations = (
				562935EE23F8971500F3F0D0 /* Debug */,
				562935EF23F8971500F3F0D0 /* Release */,
			);
			defaultConfigurationIsVisible = 0;
			defaultConfigurationName = Release;
		};
/* End XCConfigurationList section */
	};
	rootObject = 562935CD23F8971400F3F0D0 /* Project object */;
}
